
Microsoft Visual Studio Solution File, Format Version 12.00
# Visual Studio Version 17
VisualStudioVersion = 17.4.33122.133
MinimumVisualStudioVersion = 10.0.40219.1
Project("{9A19103F-16F7-4668-BE54-9A1E7A4F7556}") = "GTA5OnlineTools", "GTA5OnlineTools\GTA5OnlineTools.csproj", "{23CA868E-0861-4910-8054-F8EC9E0D6938}"
EndProject
Project("{9A19103F-16F7-4668-BE54-9A1E7A4F7556}") = "GTA5OnlineTools.UI", "GTA5OnlineTools.UI\GTA5OnlineTools.UI.csproj", "{D787A226-8842-45FA-B376-09EEA898B6BF}"
EndProject
Global
	GlobalSection(SolutionConfigurationPlatforms) = preSolution
		Debug|x64 = Debug|x64
		Release|x64 = Release|x64
	EndGlobalSection
	GlobalSection(ProjectConfigurationPlatforms) = postSolution
		{23CA868E-0861-4910-8054-F8EC9E0D6938}.Debug|x64.ActiveCfg = Debug|x64
		{23CA868E-0861-4910-8054-F8EC9E0D6938}.Debug|x64.Build.0 = Debug|x64
		{23CA868E-0861-4910-8054-F8EC9E0D6938}.Release|x64.ActiveCfg = Release|x64
		{23CA868E-0861-4910-8054-F8EC9E0D6938}.Release|x64.Build.0 = Release|x64
		{D787A226-8842-45FA-B376-09EEA898B6BF}.Debug|x64.ActiveCfg = Debug|x64
		{D787A226-8842-45FA-B376-09EEA898B6BF}.Debug|x64.Build.0 = Debug|x64
		{D787A226-8842-45FA-B376-09EEA898B6BF}.Release|x64.ActiveCfg = Release|x64
		{D787A226-8842-45FA-B376-09EEA898B6BF}.Release|x64.Build.0 = Release|x64
	EndGlobalSection
	GlobalSection(SolutionProperties) = preSolution
		HideSolutionNode = FALSE
	EndGlobalSection
	GlobalSection(ExtensibilityGlobals) = postSolution
		SolutionGuid = {C1B3CB37-4EBE-4661-8F8E-6680C819EE3F}
	EndGlobalSection
EndGlobal
